// !$*UTF8*$!
{
	archiveVersion = 1;
	classes = {
	};
	objectVersion = 56;
	objects = {

/* Begin PBXBuildFile section */
		D337E3072B19223B00B36F67 /* main.swift in Sources */ = {isa = PBXBuildFile; fileRef = D337E3062B19223B00B36F67 /* main.swift */; };
		D337E30C2B1922C000B36F67 /* input.txt in CopyFiles */ = {isa = PBXBuildFile; fileRef = D337E30B2B19229300B36F67 /* input.txt */; };
		D3400C262B1BC3AC0041F07A /* main.swift in Sources */ = {isa = PBXBuildFile; fileRef = D3400C252B1BC3AC0041F07A /* main.swift */; };
		D3400C2A2B1BC3CE0041F07A /* InputHelper.swift in Sources */ = {isa = PBXBuildFile; fileRef = D3A5860F2B19D29D008362D2 /* InputHelper.swift */; };
		D3400C2B2B1BC3D00041F07A /* StringExtension.swift in Sources */ = {isa = PBXBuildFile; fileRef = D3A586112B19D3BD008362D2 /* StringExtension.swift */; };
		D3400C2C2B1BC3D20041F07A /* Error.swift in Sources */ = {isa = PBXBuildFile; fileRef = D3CCA4402B1A42B3001AFF25 /* Error.swift */; };
		D3400C2E2B1BC3F40041F07A /* input.txt in CopyFiles */ = {isa = PBXBuildFile; fileRef = D3400C2D2B1BC3E80041F07A /* input.txt */; };
		D37487482B1D310000E5494E /* main.swift in Sources */ = {isa = PBXBuildFile; fileRef = D37487472B1D310000E5494E /* main.swift */; };
		D374874C2B1D311200E5494E /* InputHelper.swift in Sources */ = {isa = PBXBuildFile; fileRef = D3A5860F2B19D29D008362D2 /* InputHelper.swift */; };
		D374874D2B1D311400E5494E /* StringExtension.swift in Sources */ = {isa = PBXBuildFile; fileRef = D3A586112B19D3BD008362D2 /* StringExtension.swift */; };
		D374874E2B1D311600E5494E /* CollectionExtension.swift in Sources */ = {isa = PBXBuildFile; fileRef = D3A10F6E2B1D0FFE003531EC /* CollectionExtension.swift */; };
		D374874F2B1D311900E5494E /* Error.swift in Sources */ = {isa = PBXBuildFile; fileRef = D3CCA4402B1A42B3001AFF25 /* Error.swift */; };
		D37487512B1D315000E5494E /* input.txt in CopyFiles */ = {isa = PBXBuildFile; fileRef = D37487502B1D314600E5494E /* input.txt */; };
		D3A10F6F2B1D0FFE003531EC /* CollectionExtension.swift in Sources */ = {isa = PBXBuildFile; fileRef = D3A10F6E2B1D0FFE003531EC /* CollectionExtension.swift */; };
		D3A10F702B1D0FFE003531EC /* CollectionExtension.swift in Sources */ = {isa = PBXBuildFile; fileRef = D3A10F6E2B1D0FFE003531EC /* CollectionExtension.swift */; };
		D3A10F712B1D0FFE003531EC /* CollectionExtension.swift in Sources */ = {isa = PBXBuildFile; fileRef = D3A10F6E2B1D0FFE003531EC /* CollectionExtension.swift */; };
		D3A586102B19D29D008362D2 /* InputHelper.swift in Sources */ = {isa = PBXBuildFile; fileRef = D3A5860F2B19D29D008362D2 /* InputHelper.swift */; };
		D3A586122B19D3BD008362D2 /* StringExtension.swift in Sources */ = {isa = PBXBuildFile; fileRef = D3A586112B19D3BD008362D2 /* StringExtension.swift */; };
		D3B89EE82B1A49B200E4860A /* main.swift in Sources */ = {isa = PBXBuildFile; fileRef = D3B89EE72B1A49B200E4860A /* main.swift */; };
		D3B89EEC2B1A49E200E4860A /* InputHelper.swift in Sources */ = {isa = PBXBuildFile; fileRef = D3A5860F2B19D29D008362D2 /* InputHelper.swift */; };
		D3B89EED2B1A49E400E4860A /* StringExtension.swift in Sources */ = {isa = PBXBuildFile; fileRef = D3A586112B19D3BD008362D2 /* StringExtension.swift */; };
		D3B89EEE2B1A49E600E4860A /* Error.swift in Sources */ = {isa = PBXBuildFile; fileRef = D3CCA4402B1A42B3001AFF25 /* Error.swift */; };
		D3B89EF32B1A4A2800E4860A /* input.txt in CopyFiles */ = {isa = PBXBuildFile; fileRef = D3B89EF22B1A4A1E00E4860A /* input.txt */; };
		D3CCA4412B1A42B3001AFF25 /* Error.swift in Sources */ = {isa = PBXBuildFile; fileRef = D3CCA4402B1A42B3001AFF25 /* Error.swift */; };
/* End PBXBuildFile section */

/* Begin PBXCopyFilesBuildPhase section */
		D337E3022B19223B00B36F67 /* CopyFiles */ = {
			isa = PBXCopyFilesBuildPhase;
			buildActionMask = 12;
			dstPath = "";
			dstSubfolderSpec = 16;
			files = (
				D337E30C2B1922C000B36F67 /* input.txt in CopyFiles */,
			);
			runOnlyForDeploymentPostprocessing = 0;
		};
		D3400C212B1BC3AC0041F07A /* CopyFiles */ = {
			isa = PBXCopyFilesBuildPhase;
			buildActionMask = 12;
			dstPath = "";
			dstSubfolderSpec = 16;
			files = (
				D3400C2E2B1BC3F40041F07A /* input.txt in CopyFiles */,
			);
			runOnlyForDeploymentPostprocessing = 0;
		};
		D37487432B1D310000E5494E /* CopyFiles */ = {
			isa = PBXCopyFilesBuildPhase;
			buildActionMask = 12;
			dstPath = "";
			dstSubfolderSpec = 16;
			files = (
				D37487512B1D315000E5494E /* input.txt in CopyFiles */,
			);
			runOnlyForDeploymentPostprocessing = 0;
		};
		D3B89EE32B1A49B200E4860A /* CopyFiles */ = {
			isa = PBXCopyFilesBuildPhase;
			buildActionMask = 12;
			dstPath = "";
			dstSubfolderSpec = 16;
			files = (
				D3B89EF32B1A4A2800E4860A /* input.txt in CopyFiles */,
			);
			runOnlyForDeploymentPostprocessing = 0;
		};
/* End PBXCopyFilesBuildPhase section */

/* Begin PBXFileReference section */
		D337E3042B19223B00B36F67 /* Day1 */ = {isa = PBXFileReference; explicitFileType = "compiled.mach-o.executable"; includeInIndex = 0; path = Day1; sourceTree = BUILT_PRODUCTS_DIR; };
		D337E3062B19223B00B36F67 /* main.swift */ = {isa = PBXFileReference; lastKnownFileType = sourcecode.swift; path = main.swift; sourceTree = "<group>"; };
		D337E30B2B19229300B36F67 /* input.txt */ = {isa = PBXFileReference; lastKnownFileType = text; path = input.txt; sourceTree = "<group>"; };
		D3400C232B1BC3AC0041F07A /* Day3 */ = {isa = PBXFileReference; explicitFileType = "compiled.mach-o.executable"; includeInIndex = 0; path = Day3; sourceTree = BUILT_PRODUCTS_DIR; };
		D3400C252B1BC3AC0041F07A /* main.swift */ = {isa = PBXFileReference; lastKnownFileType = sourcecode.swift; path = main.swift; sourceTree = "<group>"; };
		D3400C2D2B1BC3E80041F07A /* input.txt */ = {isa = PBXFileReference; lastKnownFileType = text; path = input.txt; sourceTree = "<group>"; };
		D37487452B1D310000E5494E /* Day4 */ = {isa = PBXFileReference; explicitFileType = "compiled.mach-o.executable"; includeInIndex = 0; path = Day4; sourceTree = BUILT_PRODUCTS_DIR; };
		D37487472B1D310000E5494E /* main.swift */ = {isa = PBXFileReference; lastKnownFileType = sourcecode.swift; path = main.swift; sourceTree = "<group>"; };
		D37487502B1D314600E5494E /* input.txt */ = {isa = PBXFileReference; lastKnownFileType = text; path = input.txt; sourceTree = "<group>"; };
		D3A10F6E2B1D0FFE003531EC /* CollectionExtension.swift */ = {isa = PBXFileReference; lastKnownFileType = sourcecode.swift; path = CollectionExtension.swift; sourceTree = "<group>"; };
		D3A5860F2B19D29D008362D2 /* InputHelper.swift */ = {isa = PBXFileReference; lastKnownFileType = sourcecode.swift; path = InputHelper.swift; sourceTree = "<group>"; };
		D3A586112B19D3BD008362D2 /* StringExtension.swift */ = {isa = PBXFileReference; lastKnownFileType = sourcecode.swift; path = StringExtension.swift; sourceTree = "<group>"; };
		D3B89EE52B1A49B200E4860A /* Day2 */ = {isa = PBXFileReference; explicitFileType = "compiled.mach-o.executable"; includeInIndex = 0; path = Day2; sourceTree = BUILT_PRODUCTS_DIR; };
		D3B89EE72B1A49B200E4860A /* main.swift */ = {isa = PBXFileReference; lastKnownFileType = sourcecode.swift; path = main.swift; sourceTree = "<group>"; };
		D3B89EF22B1A4A1E00E4860A /* input.txt */ = {isa = PBXFileReference; fileEncoding = 4; lastKnownFileType = text; path = input.txt; sourceTree = "<group>"; };
		D3CCA4402B1A42B3001AFF25 /* Error.swift */ = {isa = PBXFileReference; lastKnownFileType = sourcecode.swift; path = Error.swift; sourceTree = "<group>"; };
/* End PBXFileReference section */

/* Begin PBXFrameworksBuildPhase section */
		D337E3012B19223B00B36F67 /* Frameworks */ = {
			isa = PBXFrameworksBuildPhase;
			buildActionMask = 2147483647;
			files = (
			);
			runOnlyForDeploymentPostprocessing = 0;
		};
		D3400C202B1BC3AC0041F07A /* Frameworks */ = {
			isa = PBXFrameworksBuildPhase;
			buildActionMask = 2147483647;
			files = (
			);
			runOnlyForDeploymentPostprocessing = 0;
		};
		D37487422B1D310000E5494E /* Frameworks */ = {
			isa = PBXFrameworksBuildPhase;
			buildActionMask = 2147483647;
			files = (
			);
			runOnlyForDeploymentPostprocessing = 0;
		};
		D3B89EE22B1A49B200E4860A /* Frameworks */ = {
			isa = PBXFrameworksBuildPhase;
			buildActionMask = 2147483647;
			files = (
			);
			runOnlyForDeploymentPostprocessing = 0;
		};
/* End PBXFrameworksBuildPhase section */

/* Begin PBXGroup section */
		D337E2E22B19217000B36F67 = {
			isa = PBXGroup;
			children = (
				D3A5860E2B19D285008362D2 /* Shared */,
				D337E3052B19223B00B36F67 /* Day1 */,
				D3B89EE62B1A49B200E4860A /* Day2 */,
				D3400C242B1BC3AC0041F07A /* Day3 */,
				D37487462B1D310000E5494E /* Day4 */,
				D337E2EC2B19217000B36F67 /* Products */,
			);
			sourceTree = "<group>";
		};
		D337E2EC2B19217000B36F67 /* Products */ = {
			isa = PBXGroup;
			children = (
				D337E3042B19223B00B36F67 /* Day1 */,
				D3B89EE52B1A49B200E4860A /* Day2 */,
				D3400C232B1BC3AC0041F07A /* Day3 */,
				D37487452B1D310000E5494E /* Day4 */,
			);
			name = Products;
			sourceTree = "<group>";
		};
		D337E3052B19223B00B36F67 /* Day1 */ = {
			isa = PBXGroup;
			children = (
				D337E3062B19223B00B36F67 /* main.swift */,
				D337E30B2B19229300B36F67 /* input.txt */,
			);
			path = Day1;
			sourceTree = "<group>";
		};
		D3400C242B1BC3AC0041F07A /* Day3 */ = {
			isa = PBXGroup;
			children = (
				D3400C252B1BC3AC0041F07A /* main.swift */,
				D3400C2D2B1BC3E80041F07A /* input.txt */,
			);
			path = Day3;
			sourceTree = "<group>";
		};
		D37487462B1D310000E5494E /* Day4 */ = {
			isa = PBXGroup;
			children = (
				D37487472B1D310000E5494E /* main.swift */,
				D37487502B1D314600E5494E /* input.txt */,
			);
			path = Day4;
			sourceTree = "<group>";
		};
		D3A5860E2B19D285008362D2 /* Shared */ = {
			isa = PBXGroup;
			children = (
				D3A5860F2B19D29D008362D2 /* InputHelper.swift */,
				D3A586112B19D3BD008362D2 /* StringExtension.swift */,
				D3A10F6E2B1D0FFE003531EC /* CollectionExtension.swift */,
				D3CCA4402B1A42B3001AFF25 /* Error.swift */,
			);
			path = Shared;
			sourceTree = "<group>";
		};
		D3B89EE62B1A49B200E4860A /* Day2 */ = {
			isa = PBXGroup;
			children = (
				D3B89EE72B1A49B200E4860A /* main.swift */,
				D3B89EF22B1A4A1E00E4860A /* input.txt */,
			);
			path = Day2;
			sourceTree = "<group>";
		};
/* End PBXGroup section */

/* Begin PBXNativeTarget section */
		D337E3032B19223B00B36F67 /* Day1 */ = {
			isa = PBXNativeTarget;
			buildConfigurationList = D337E3082B19223B00B36F67 /* Build configuration list for PBXNativeTarget "Day1" */;
			buildPhases = (
				D337E3002B19223B00B36F67 /* Sources */,
				D337E3012B19223B00B36F67 /* Frameworks */,
				D337E3022B19223B00B36F67 /* CopyFiles */,
			);
			buildRules = (
			);
			dependencies = (
			);
			name = Day1;
			productName = Day1;
			productReference = D337E3042B19223B00B36F67 /* Day1 */;
			productType = "com.apple.product-type.tool";
		};
		D3400C222B1BC3AC0041F07A /* Day3 */ = {
			isa = PBXNativeTarget;
			buildConfigurationList = D3400C292B1BC3AC0041F07A /* Build configuration list for PBXNativeTarget "Day3" */;
			buildPhases = (
				D3400C1F2B1BC3AC0041F07A /* Sources */,
				D3400C202B1BC3AC0041F07A /* Frameworks */,
				D3400C212B1BC3AC0041F07A /* CopyFiles */,
			);
			buildRules = (
			);
			dependencies = (
			);
			name = Day3;
			productName = Day3;
			productReference = D3400C232B1BC3AC0041F07A /* Day3 */;
			productType = "com.apple.product-type.tool";
		};
		D37487442B1D310000E5494E /* Day4 */ = {
			isa = PBXNativeTarget;
			buildConfigurationList = D374874B2B1D310000E5494E /* Build configuration list for PBXNativeTarget "Day4" */;
			buildPhases = (
				D37487412B1D310000E5494E /* Sources */,
				D37487422B1D310000E5494E /* Frameworks */,
				D37487432B1D310000E5494E /* CopyFiles */,
			);
			buildRules = (
			);
			dependencies = (
			);
			name = Day4;
			productName = Day4;
			productReference = D37487452B1D310000E5494E /* Day4 */;
			productType = "com.apple.product-type.tool";
		};
		D3B89EE42B1A49B200E4860A /* Day2 */ = {
			isa = PBXNativeTarget;
			buildConfigurationList = D3B89EEB2B1A49B200E4860A /* Build configuration list for PBXNativeTarget "Day2" */;
			buildPhases = (
				D3B89EE12B1A49B200E4860A /* Sources */,
				D3B89EE22B1A49B200E4860A /* Frameworks */,
				D3B89EE32B1A49B200E4860A /* CopyFiles */,
			);
			buildRules = (
			);
			dependencies = (
			);
			name = Day2;
			productName = Day2;
			productReference = D3B89EE52B1A49B200E4860A /* Day2 */;
			productType = "com.apple.product-type.tool";
		};
/* End PBXNativeTarget section */

/* Begin PBXProject section */
		D337E2E32B19217000B36F67 /* Project object */ = {
			isa = PBXProject;
			attributes = {
				BuildIndependentTargetsInParallel = 1;
				LastSwiftUpdateCheck = 1500;
				LastUpgradeCheck = 1500;
				TargetAttributes = {
					D337E3032B19223B00B36F67 = {
						CreatedOnToolsVersion = 15.0;
					};
					D3400C222B1BC3AC0041F07A = {
						CreatedOnToolsVersion = 15.0;
					};
					D37487442B1D310000E5494E = {
						CreatedOnToolsVersion = 15.0;
					};
					D3B89EE42B1A49B200E4860A = {
						CreatedOnToolsVersion = 15.0;
					};
				};
			};
			buildConfigurationList = D337E2E62B19217000B36F67 /* Build configuration list for PBXProject "AdventOfCode" */;
			compatibilityVersion = "Xcode 14.0";
			developmentRegion = en;
			hasScannedForEncodings = 0;
			knownRegions = (
				en,
				Base,
			);
			mainGroup = D337E2E22B19217000B36F67;
			productRefGroup = D337E2EC2B19217000B36F67 /* Products */;
			projectDirPath = "";
			projectRoot = "";
			targets = (
				D337E3032B19223B00B36F67 /* Day1 */,
				D3B89EE42B1A49B200E4860A /* Day2 */,
				D3400C222B1BC3AC0041F07A /* Day3 */,
				D37487442B1D310000E5494E /* Day4 */,
			);
		};
/* End PBXProject section */

/* Begin PBXSourcesBuildPhase section */
		D337E3002B19223B00B36F67 /* Sources */ = {
			isa = PBXSourcesBuildPhase;
			buildActionMask = 2147483647;
			files = (
				D3A10F6F2B1D0FFE003531EC /* CollectionExtension.swift in Sources */,
				D3CCA4412B1A42B3001AFF25 /* Error.swift in Sources */,
				D337E3072B19223B00B36F67 /* main.swift in Sources */,
				D3A586102B19D29D008362D2 /* InputHelper.swift in Sources */,
				D3A586122B19D3BD008362D2 /* StringExtension.swift in Sources */,
			);
			runOnlyForDeploymentPostprocessing = 0;
		};
		D3400C1F2B1BC3AC0041F07A /* Sources */ = {
			isa = PBXSourcesBuildPhase;
			buildActionMask = 2147483647;
			files = (
				D3A10F712B1D0FFE003531EC /* CollectionExtension.swift in Sources */,
				D3400C2C2B1BC3D20041F07A /* Error.swift in Sources */,
				D3400C2A2B1BC3CE0041F07A /* InputHelper.swift in Sources */,
				D3400C262B1BC3AC0041F07A /* main.swift in Sources */,
				D3400C2B2B1BC3D00041F07A /* StringExtension.swift in Sources */,
			);
			runOnlyForDeploymentPostprocessing = 0;
		};
		D37487412B1D310000E5494E /* Sources */ = {
			isa = PBXSourcesBuildPhase;
			buildActionMask = 2147483647;
			files = (
				D374874C2B1D311200E5494E /* InputHelper.swift in Sources */,
				D374874E2B1D311600E5494E /* CollectionExtension.swift in Sources */,
				D37487482B1D310000E5494E /* main.swift in Sources */,
				D374874F2B1D311900E5494E /* Error.swift in Sources */,
				D374874D2B1D311400E5494E /* StringExtension.swift in Sources */,
			);
			runOnlyForDeploymentPostprocessing = 0;
		};
		D3B89EE12B1A49B200E4860A /* Sources */ = {
			isa = PBXSourcesBuildPhase;
			buildActionMask = 2147483647;
			files = (
				D3A10F702B1D0FFE003531EC /* CollectionExtension.swift in Sources */,
				D3B89EEE2B1A49E600E4860A /* Error.swift in Sources */,
				D3B89EEC2B1A49E200E4860A /* InputHelper.swift in Sources */,
				D3B89EE82B1A49B200E4860A /* main.swift in Sources */,
				D3B89EED2B1A49E400E4860A /* StringExtension.swift in Sources */,
			);
			runOnlyForDeploymentPostprocessing = 0;
		};
/* End PBXSourcesBuildPhase section */

/* Begin XCBuildConfiguration section */
		D337E2F02B19217000B36F67 /* Debug */ = {
			isa = XCBuildConfiguration;
			buildSettings = {
				ALWAYS_SEARCH_USER_PATHS = NO;
				ASSETCATALOG_COMPILER_GENERATE_SWIFT_ASSET_SYMBOL_EXTENSIONS = YES;
				CLANG_ANALYZER_NONNULL = YES;
				CLANG_ANALYZER_NUMBER_OBJECT_CONVERSION = YES_AGGRESSIVE;
				CLANG_CXX_LANGUAGE_STANDARD = "gnu++20";
				CLANG_ENABLE_MODULES = YES;
				CLANG_ENABLE_OBJC_ARC = YES;
				CLANG_ENABLE_OBJC_WEAK = YES;
				CLANG_WARN_BLOCK_CAPTURE_AUTORELEASING = YES;
				CLANG_WARN_BOOL_CONVERSION = YES;
				CLANG_WARN_COMMA = YES;
				CLANG_WARN_CONSTANT_CONVERSION = YES;
				CLANG_WARN_DEPRECATED_OBJC_IMPLEMENTATIONS = YES;
				CLANG_WARN_DIRECT_OBJC_ISA_USAGE = YES_ERROR;
				CLANG_WARN_DOCUMENTATION_COMMENTS = YES;
				CLANG_WARN_EMPTY_BODY = YES;
				CLANG_WARN_ENUM_CONVERSION = YES;
				CLANG_WARN_INFINITE_RECURSION = YES;
				CLANG_WARN_INT_CONVERSION = YES;
				CLANG_WARN_NON_LITERAL_NULL_CONVERSION = YES;
				CLANG_WARN_OBJC_IMPLICIT_RETAIN_SELF = YES;
				CLANG_WARN_OBJC_LITERAL_CONVERSION = YES;
				CLANG_WARN_OBJC_ROOT_CLASS = YES_ERROR;
				CLANG_WARN_QUOTED_INCLUDE_IN_FRAMEWORK_HEADER = YES;
				CLANG_WARN_RANGE_LOOP_ANALYSIS = YES;
				CLANG_WARN_STRICT_PROTOTYPES = YES;
				CLANG_WARN_SUSPICIOUS_MOVE = YES;
				CLANG_WARN_UNGUARDED_AVAILABILITY = YES_AGGRESSIVE;
				CLANG_WARN_UNREACHABLE_CODE = YES;
				CLANG_WARN__DUPLICATE_METHOD_MATCH = YES;
				COPY_PHASE_STRIP = NO;
				DEBUG_INFORMATION_FORMAT = dwarf;
				ENABLE_STRICT_OBJC_MSGSEND = YES;
				ENABLE_TESTABILITY = YES;
				ENABLE_USER_SCRIPT_SANDBOXING = YES;
				GCC_C_LANGUAGE_STANDARD = gnu17;
				GCC_DYNAMIC_NO_PIC = NO;
				GCC_NO_COMMON_BLOCKS = YES;
				GCC_OPTIMIZATION_LEVEL = 0;
				GCC_PREPROCESSOR_DEFINITIONS = (
					"DEBUG=1",
					"$(inherited)",
				);
				GCC_WARN_64_TO_32_BIT_CONVERSION = YES;
				GCC_WARN_ABOUT_RETURN_TYPE = YES_ERROR;
				GCC_WARN_UNDECLARED_SELECTOR = YES;
				GCC_WARN_UNINITIALIZED_AUTOS = YES_AGGRESSIVE;
				GCC_WARN_UNUSED_FUNCTION = YES;
				GCC_WARN_UNUSED_VARIABLE = YES;
				LOCALIZATION_PREFERS_STRING_CATALOGS = YES;
				MACOSX_DEPLOYMENT_TARGET = 14.0;
				MTL_ENABLE_DEBUG_INFO = INCLUDE_SOURCE;
				MTL_FAST_MATH = YES;
				ONLY_ACTIVE_ARCH = YES;
				SDKROOT = macosx;
				SWIFT_ACTIVE_COMPILATION_CONDITIONS = "DEBUG $(inherited)";
				SWIFT_OPTIMIZATION_LEVEL = "-Onone";
			};
			name = Debug;
		};
		D337E2F12B19217000B36F67 /* Release */ = {
			isa = XCBuildConfiguration;
			buildSettings = {
				ALWAYS_SEARCH_USER_PATHS = NO;
				ASSETCATALOG_COMPILER_GENERATE_SWIFT_ASSET_SYMBOL_EXTENSIONS = YES;
				CLANG_ANALYZER_NONNULL = YES;
				CLANG_ANALYZER_NUMBER_OBJECT_CONVERSION = YES_AGGRESSIVE;
				CLANG_CXX_LANGUAGE_STANDARD = "gnu++20";
				CLANG_ENABLE_MODULES = YES;
				CLANG_ENABLE_OBJC_ARC = YES;
				CLANG_ENABLE_OBJC_WEAK = YES;
				CLANG_WARN_BLOCK_CAPTURE_AUTORELEASING = YES;
				CLANG_WARN_BOOL_CONVERSION = YES;
				CLANG_WARN_COMMA = YES;
				CLANG_WARN_CONSTANT_CONVERSION = YES;
				CLANG_WARN_DEPRECATED_OBJC_IMPLEMENTATIONS = YES;
				CLANG_WARN_DIRECT_OBJC_ISA_USAGE = YES_ERROR;
				CLANG_WARN_DOCUMENTATION_COMMENTS = YES;
				CLANG_WARN_EMPTY_BODY = YES;
				CLANG_WARN_ENUM_CONVERSION = YES;
				CLANG_WARN_INFINITE_RECURSION = YES;
				CLANG_WARN_INT_CONVERSION = YES;
				CLANG_WARN_NON_LITERAL_NULL_CONVERSION = YES;
				CLANG_WARN_OBJC_IMPLICIT_RETAIN_SELF = YES;
				CLANG_WARN_OBJC_LITERAL_CONVERSION = YES;
				CLANG_WARN_OBJC_ROOT_CLASS = YES_ERROR;
				CLANG_WARN_QUOTED_INCLUDE_IN_FRAMEWORK_HEADER = YES;
				CLANG_WARN_RANGE_LOOP_ANALYSIS = YES;
				CLANG_WARN_STRICT_PROTOTYPES = YES;
				CLANG_WARN_SUSPICIOUS_MOVE = YES;
				CLANG_WARN_UNGUARDED_AVAILABILITY = YES_AGGRESSIVE;
				CLANG_WARN_UNREACHABLE_CODE = YES;
				CLANG_WARN__DUPLICATE_METHOD_MATCH = YES;
				COPY_PHASE_STRIP = NO;
				DEBUG_INFORMATION_FORMAT = "dwarf-with-dsym";
				ENABLE_NS_ASSERTIONS = NO;
				ENABLE_STRICT_OBJC_MSGSEND = YES;
				ENABLE_USER_SCRIPT_SANDBOXING = YES;
				GCC_C_LANGUAGE_STANDARD = gnu17;
				GCC_NO_COMMON_BLOCKS = YES;
				GCC_WARN_64_TO_32_BIT_CONVERSION = YES;
				GCC_WARN_ABOUT_RETURN_TYPE = YES_ERROR;
				GCC_WARN_UNDECLARED_SELECTOR = YES;
				GCC_WARN_UNINITIALIZED_AUTOS = YES_AGGRESSIVE;
				GCC_WARN_UNUSED_FUNCTION = YES;
				GCC_WARN_UNUSED_VARIABLE = YES;
				LOCALIZATION_PREFERS_STRING_CATALOGS = YES;
				MACOSX_DEPLOYMENT_TARGET = 14.0;
				MTL_ENABLE_DEBUG_INFO = NO;
				MTL_FAST_MATH = YES;
				SDKROOT = macosx;
				SWIFT_COMPILATION_MODE = wholemodule;
			};
			name = Release;
		};
		D337E3092B19223B00B36F67 /* Debug */ = {
			isa = XCBuildConfiguration;
			buildSettings = {
				CODE_SIGN_STYLE = Automatic;
				DEVELOPMENT_TEAM = 926P7F9746;
				ENABLE_HARDENED_RUNTIME = YES;
				PRODUCT_NAME = "$(TARGET_NAME)";
				SWIFT_VERSION = 5.0;
			};
			name = Debug;
		};
		D337E30A2B19223B00B36F67 /* Release */ = {
			isa = XCBuildConfiguration;
			buildSettings = {
				CODE_SIGN_STYLE = Automatic;
				DEVELOPMENT_TEAM = 926P7F9746;
				ENABLE_HARDENED_RUNTIME = YES;
				PRODUCT_NAME = "$(TARGET_NAME)";
				SWIFT_VERSION = 5.0;
			};
			name = Release;
		};
		D3400C272B1BC3AC0041F07A /* Debug */ = {
			isa = XCBuildConfiguration;
			buildSettings = {
				CODE_SIGN_STYLE = Automatic;
				DEVELOPMENT_TEAM = 926P7F9746;
				ENABLE_HARDENED_RUNTIME = YES;
				PRODUCT_NAME = "$(TARGET_NAME)";
				SWIFT_VERSION = 5.0;
			};
			name = Debug;
		};
		D3400C282B1BC3AC0041F07A /* Release */ = {
			isa = XCBuildConfiguration;
			buildSettings = {
				CODE_SIGN_STYLE = Automatic;
				DEVELOPMENT_TEAM = 926P7F9746;
				ENABLE_HARDENED_RUNTIME = YES;
				PRODUCT_NAME = "$(TARGET_NAME)";
				SWIFT_VERSION = 5.0;
			};
			name = Release;
		};
		D37487492B1D310000E5494E /* Debug */ = {
			isa = XCBuildConfiguration;
			buildSettings = {
				CODE_SIGN_STYLE = Automatic;
				DEVELOPMENT_TEAM = 926P7F9746;
				ENABLE_HARDENED_RUNTIME = YES;
				PRODUCT_NAME = "$(TARGET_NAME)";
				SWIFT_VERSION = 5.0;
			};
			name = Debug;
		};
		D374874A2B1D310000E5494E /* Release */ = {
			isa = XCBuildConfiguration;
			buildSettings = {
				CODE_SIGN_STYLE = Automatic;
				DEVELOPMENT_TEAM = 926P7F9746;
				ENABLE_HARDENED_RUNTIME = YES;
				PRODUCT_NAME = "$(TARGET_NAME)";
				SWIFT_VERSION = 5.0;
			};
			name = Release;
		};
		D3B89EE92B1A49B200E4860A /* Debug */ = {
			isa = XCBuildConfiguration;
			buildSettings = {
				CODE_SIGN_STYLE = Automatic;
				DEVELOPMENT_TEAM = 926P7F9746;
				ENABLE_HARDENED_RUNTIME = YES;
				PRODUCT_NAME = "$(TARGET_NAME)";
				SWIFT_VERSION = 5.0;
			};
			name = Debug;
		};
		D3B89EEA2B1A49B200E4860A /* Release */ = {
			isa = XCBuildConfiguration;
			buildSettings = {
				CODE_SIGN_STYLE = Automatic;
				DEVELOPMENT_TEAM = 926P7F9746;
				ENABLE_HARDENED_RUNTIME = YES;
				PRODUCT_NAME = "$(TARGET_NAME)";
				SWIFT_VERSION = 5.0;
			};
			name = Release;
		};
/* End XCBuildConfiguration section */

/* Begin XCConfigurationList section */
		D337E2E62B19217000B36F67 /* Build configuration list for PBXProject "AdventOfCode" */ = {
			isa = XCConfigurationList;
			buildConfigurations = (
				D337E2F02B19217000B36F67 /* Debug */,
				D337E2F12B19217000B36F67 /* Release */,
			);
			defaultConfigurationIsVisible = 0;
			defaultConfigurationName = Release;
		};
		D337E3082B19223B00B36F67 /* Build configuration list for PBXNativeTarget "Day1" */ = {
			isa = XCConfigurationList;
			buildConfigurations = (
				D337E3092B19223B00B36F67 /* Debug */,
				D337E30A2B19223B00B36F67 /* Release */,
			);
			defaultConfigurationIsVisible = 0;
			defaultConfigurationName = Release;
		};
		D3400C292B1BC3AC0041F07A /* Build configuration list for PBXNativeTarget "Day3" */ = {
			isa = XCConfigurationList;
			buildConfigurations = (
				D3400C272B1BC3AC0041F07A /* Debug */,
				D3400C282B1BC3AC0041F07A /* Release */,
			);
			defaultConfigurationIsVisible = 0;
			defaultConfigurationName = Release;
		};
		D374874B2B1D310000E5494E /* Build configuration list for PBXNativeTarget "Day4" */ = {
			isa = XCConfigurationList;
			buildConfigurations = (
				D37487492B1D310000E5494E /* Debug */,
				D374874A2B1D310000E5494E /* Release */,
			);
			defaultConfigurationIsVisible = 0;
			defaultConfigurationName = Release;
		};
		D3B89EEB2B1A49B200E4860A /* Build configuration list for PBXNativeTarget "Day2" */ = {
			isa = XCConfigurationList;
			buildConfigurations = (
				D3B89EE92B1A49B200E4860A /* Debug */,
				D3B89EEA2B1A49B200E4860A /* Release */,
			);
			defaultConfigurationIsVisible = 0;
			defaultConfigurationName = Release;
		};
/* End XCConfigurationList section */
	};
	rootObject = D337E2E32B19217000B36F67 /* Project object */;
}
